
Microsoft Visual Studio Solution File, Format Version 12.00
# Visual Studio Version 16
VisualStudioVersion = 16.0.31025.194
MinimumVisualStudioVersion = 10.0.40219.1
Project("{FAE04EC0-301F-11D3-BF4B-00C04F79EFBC}") = "Exercise2Interface", "Exercise2Interface\Exercise2Interface.csproj", "{45CC27CD-B432-4259-9E31-0A7077DA57D7}"
EndProject
Global
	GlobalSection(SolutionConfigurationPlatforms) = preSolution
		Debug|Any CPU = Debug|Any CPU
		Release|Any CPU = Release|Any CPU
	EndGlobalSection
	GlobalSection(ProjectConfigurationPlatforms) = postSolution
		{45CC27CD-B432-4259-9E31-0A7077DA57D7}.Debug|Any CPU.ActiveCfg = Debug|Any CPU
		{45CC27CD-B432-4259-9E31-0A7077DA57D7}.Debug|Any CPU.Build.0 = Debug|Any CPU
		{45CC27CD-B432-4259-9E31-0A7077DA57D7}.Release|Any CPU.ActiveCfg = Release|Any CPU
		{45CC27CD-B432-4259-9E31-0A7077DA57D7}.Release|Any CPU.Build.0 = Release|Any CPU
	EndGlobalSection
	GlobalSection(SolutionProperties) = preSolution
		HideSolutionNode = FALSE
	EndGlobalSection
	GlobalSection(ExtensibilityGlobals) = postSolution
		SolutionGuid = {68050AEE-23F8-4360-B1CA-DF7F2082AB91}
	EndGlobalSection
EndGlobal
